
Microsoft Visual Studio Solution File, Format Version 12.00
# Visual Studio Version 16
VisualStudioVersion = 16.0.31005.135
MinimumVisualStudioVersion = 10.0.40219.1
Project("{FAE04EC0-301F-11D3-BF4B-00C04F79EFBC}") = "D1.ApplicationContacts.Business", "src\D1.ApplicationContacts.Business\D1.ApplicationContacts.Business.csproj", "{D2EF68CA-A475-441E-9516-AF3AE3CF340B}"
EndProject
Project("{FAE04EC0-301F-11D3-BF4B-00C04F79EFBC}") = "D1.ApplicationContacts.Data", "src\D1.ApplicationContacts.Data\D1.ApplicationContacts.Data.csproj", "{7BD1F44D-0972-4117-91F2-FD02D0CF68BF}"
EndProject
Project("{FAE04EC0-301F-11D3-BF4B-00C04F79EFBC}") = "D1.ApplicationContacts.Application", "src\D1.ApplicationContacts.Application\D1.ApplicationContacts.Application.csproj", "{BB27EE72-4065-44F2-830D-3F8E730993AB}"
EndProject
Global
	GlobalSection(SolutionConfigurationPlatforms) = preSolution
		Debug|Any CPU = Debug|Any CPU
		Release|Any CPU = Release|Any CPU
	EndGlobalSection
	GlobalSection(ProjectConfigurationPlatforms) = postSolution
		{D2EF68CA-A475-441E-9516-AF3AE3CF340B}.Debug|Any CPU.ActiveCfg = Debug|Any CPU
		{D2EF68CA-A475-441E-9516-AF3AE3CF340B}.Debug|Any CPU.Build.0 = Debug|Any CPU
		{D2EF68CA-A475-441E-9516-AF3AE3CF340B}.Release|Any CPU.ActiveCfg = Release|Any CPU
		{D2EF68CA-A475-441E-9516-AF3AE3CF340B}.Release|Any CPU.Build.0 = Release|Any CPU
		{7BD1F44D-0972-4117-91F2-FD02D0CF68BF}.Debug|Any CPU.ActiveCfg = Debug|Any CPU
		{7BD1F44D-0972-4117-91F2-FD02D0CF68BF}.Debug|Any CPU.Build.0 = Debug|Any CPU
		{7BD1F44D-0972-4117-91F2-FD02D0CF68BF}.Release|Any CPU.ActiveCfg = Release|Any CPU
		{7BD1F44D-0972-4117-91F2-FD02D0CF68BF}.Release|Any CPU.Build.0 = Release|Any CPU
		{BB27EE72-4065-44F2-830D-3F8E730993AB}.Debug|Any CPU.ActiveCfg = Debug|Any CPU
		{BB27EE72-4065-44F2-830D-3F8E730993AB}.Debug|Any CPU.Build.0 = Debug|Any CPU
		{BB27EE72-4065-44F2-830D-3F8E730993AB}.Release|Any CPU.ActiveCfg = Release|Any CPU
		{BB27EE72-4065-44F2-830D-3F8E730993AB}.Release|Any CPU.Build.0 = Release|Any CPU
	EndGlobalSection
	GlobalSection(SolutionProperties) = preSolution
		HideSolutionNode = FALSE
	EndGlobalSection
	GlobalSection(ExtensibilityGlobals) = postSolution
		SolutionGuid = {4CF4C887-1D76-418E-86D4-4BB9CB5D3AC4}
	EndGlobalSection
EndGlobal
